
Microsoft Visual Studio Solution File, Format Version 12.00
# Visual Studio 15
VisualStudioVersion = 15.0.26730.12
MinimumVisualStudioVersion = 10.0.40219.1
Project("{FAE04EC0-301F-11D3-BF4B-00C04F79EFBC}") = "HangmanGame", "HangmanGame\HangmanGame.csproj", "{07A86FEB-2357-4A85-906E-08C4723A68FD}"
EndProject
Global
	GlobalSection(SolutionConfigurationPlatforms) = preSolution
		Debug|Any CPU = Debug|Any CPU
		Release|Any CPU = Release|Any CPU
	EndGlobalSection
	GlobalSection(ProjectConfigurationPlatforms) = postSolution
		{07A86FEB-2357-4A85-906E-08C4723A68FD}.Debug|Any CPU.ActiveCfg = Debug|Any CPU
		{07A86FEB-2357-4A85-906E-08C4723A68FD}.Debug|Any CPU.Build.0 = Debug|Any CPU
		{07A86FEB-2357-4A85-906E-08C4723A68FD}.Release|Any CPU.ActiveCfg = Release|Any CPU
		{07A86FEB-2357-4A85-906E-08C4723A68FD}.Release|Any CPU.Build.0 = Release|Any CPU
	EndGlobalSection
	GlobalSection(SolutionProperties) = preSolution
		HideSolutionNode = FALSE
	EndGlobalSection
	GlobalSection(ExtensibilityGlobals) = postSolution
		SolutionGuid = {A57D2852-4E23-46D3-916A-CD926A722096}
	EndGlobalSection
EndGlobal
